
Microsoft Visual Studio Solution File, Format Version 12.00
# Visual Studio 14
VisualStudioVersion = 14.0.25420.1
MinimumVisualStudioVersion = 10.0.40219.1
Project("{FAE04EC0-301F-11D3-BF4B-00C04F79EFBC}") = "Baza", "Baza\Baza.csproj", "{1895ACA5-AE2D-458D-B486-8DB8FD13201D}"
EndProject
Project("{FAE04EC0-301F-11D3-BF4B-00C04F79EFBC}") = "ListaZakupow", "ListaZakupow\ListaZakupow.csproj", "{8CDE2553-2890-46A7-A65C-C6817B317E8C}"
EndProject
Global
	GlobalSection(SolutionConfigurationPlatforms) = preSolution
		Debug|Any CPU = Debug|Any CPU
		Release|Any CPU = Release|Any CPU
	EndGlobalSection
	GlobalSection(ProjectConfigurationPlatforms) = postSolution
		{1895ACA5-AE2D-458D-B486-8DB8FD13201D}.Debug|Any CPU.ActiveCfg = Debug|Any CPU
		{1895ACA5-AE2D-458D-B486-8DB8FD13201D}.Debug|Any CPU.Build.0 = Debug|Any CPU
		{1895ACA5-AE2D-458D-B486-8DB8FD13201D}.Release|Any CPU.ActiveCfg = Release|Any CPU
		{1895ACA5-AE2D-458D-B486-8DB8FD13201D}.Release|Any CPU.Build.0 = Release|Any CPU
		{8CDE2553-2890-46A7-A65C-C6817B317E8C}.Debug|Any CPU.ActiveCfg = Debug|Any CPU
		{8CDE2553-2890-46A7-A65C-C6817B317E8C}.Debug|Any CPU.Build.0 = Debug|Any CPU
		{8CDE2553-2890-46A7-A65C-C6817B317E8C}.Release|Any CPU.ActiveCfg = Release|Any CPU
		{8CDE2553-2890-46A7-A65C-C6817B317E8C}.Release|Any CPU.Build.0 = Release|Any CPU
	EndGlobalSection
	GlobalSection(SolutionProperties) = preSolution
		HideSolutionNode = FALSE
	EndGlobalSection
EndGlobal
